// !$*UTF8*$!
{
	archiveVersion = 1;
	classes = {
	};
	objectVersion = 50;
	objects = {

/* Begin PBXBuildFile section */
		6CDE62E821B56E8A00A2DDFC /* Cell.swift in Sources */ = {isa = PBXBuildFile; fileRef = 6CDE62E721B56E8A00A2DDFC /* Cell.swift */; };
		6CDE62EC21B56F2700A2DDFC /* Direction.swift in Sources */ = {isa = PBXBuildFile; fileRef = 6CDE62EB21B56F2700A2DDFC /* Direction.swift */; };
		DB1C2714212FE1CC00D0A9DE /* AppDelegate.swift in Sources */ = {isa = PBXBuildFile; fileRef = DB1C2713212FE1CC00D0A9DE /* AppDelegate.swift */; };
		DB1C2716212FE1CC00D0A9DE /* ViewController.swift in Sources */ = {isa = PBXBuildFile; fileRef = DB1C2715212FE1CC00D0A9DE /* ViewController.swift */; };
		DB1C2719212FE1CC00D0A9DE /* Main.storyboard in Resources */ = {isa = PBXBuildFile; fileRef = DB1C2717212FE1CC00D0A9DE /* Main.storyboard */; };
		DB1C271B212FE1CD00D0A9DE /* Assets.xcassets in Resources */ = {isa = PBXBuildFile; fileRef = DB1C271A212FE1CD00D0A9DE /* Assets.xcassets */; };
		DB1C271E212FE1CD00D0A9DE /* LaunchScreen.storyboard in Resources */ = {isa = PBXBuildFile; fileRef = DB1C271C212FE1CD00D0A9DE /* LaunchScreen.storyboard */; };
		DB599F6821B22DBB00A394CA /* Team.swift in Sources */ = {isa = PBXBuildFile; fileRef = DB599F6721B22DBB00A394CA /* Team.swift */; };
		DB599F6A21B2303A00A394CA /* Mitame.swift in Sources */ = {isa = PBXBuildFile; fileRef = DB599F6921B2303A00A394CA /* Mitame.swift */; };
		DB599F6C21B24C8F00A394CA /* Board.swift in Sources */ = {isa = PBXBuildFile; fileRef = DB599F6B21B24C8F00A394CA /* Board.swift */; };
		DB6DAFB821B21ED5000425CB /* EditWindow.swift in Sources */ = {isa = PBXBuildFile; fileRef = DB6DAFB721B21ED5000425CB /* EditWindow.swift */; };
/* End PBXBuildFile section */

/* Begin PBXFileReference section */
		6CDE62E721B56E8A00A2DDFC /* Cell.swift */ = {isa = PBXFileReference; indentWidth = 2; lastKnownFileType = sourcecode.swift; name = Cell.swift; path = "/Users/yume_yu/Documents/git-dir/diamond_game/diamond game/Cell.swift"; sourceTree = "<absolute>"; tabWidth = 2; usesTabs = 1; };
		6CDE62EB21B56F2700A2DDFC /* Direction.swift */ = {isa = PBXFileReference; fileEncoding = 4; lastKnownFileType = sourcecode.swift; path = Direction.swift; sourceTree = "<group>"; };
		DB1C2710212FE1CC00D0A9DE /* diamond game.app */ = {isa = PBXFileReference; explicitFileType = wrapper.application; includeInIndex = 0; path = "diamond game.app"; sourceTree = BUILT_PRODUCTS_DIR; };
		DB1C2713212FE1CC00D0A9DE /* AppDelegate.swift */ = {isa = PBXFileReference; lastKnownFileType = sourcecode.swift; path = AppDelegate.swift; sourceTree = "<group>"; };
		DB1C2715212FE1CC00D0A9DE /* ViewController.swift */ = {isa = PBXFileReference; lastKnownFileType = sourcecode.swift; path = ViewController.swift; sourceTree = "<group>"; };
		DB1C2718212FE1CC00D0A9DE /* Base */ = {isa = PBXFileReference; lastKnownFileType = file.storyboard; name = Base; path = Base.lproj/Main.storyboard; sourceTree = "<group>"; };
		DB1C271A212FE1CD00D0A9DE /* Assets.xcassets */ = {isa = PBXFileReference; lastKnownFileType = folder.assetcatalog; path = Assets.xcassets; sourceTree = "<group>"; };
		DB1C271D212FE1CD00D0A9DE /* Base */ = {isa = PBXFileReference; lastKnownFileType = file.storyboard; name = Base; path = Base.lproj/LaunchScreen.storyboard; sourceTree = "<group>"; };
		DB1C271F212FE1CD00D0A9DE /* Info.plist */ = {isa = PBXFileReference; lastKnownFileType = text.plist.xml; path = Info.plist; sourceTree = "<group>"; };
		DB599F6721B22DBB00A394CA /* Team.swift */ = {isa = PBXFileReference; lastKnownFileType = sourcecode.swift; path = Team.swift; sourceTree = "<group>"; };
		DB599F6921B2303A00A394CA /* Mitame.swift */ = {isa = PBXFileReference; lastKnownFileType = sourcecode.swift; path = Mitame.swift; sourceTree = "<group>"; };
		DB599F6B21B24C8F00A394CA /* Board.swift */ = {isa = PBXFileReference; indentWidth = 2; lastKnownFileType = sourcecode.swift; path = Board.swift; sourceTree = "<group>"; tabWidth = 2; usesTabs = 1; };
		DB6DAFB721B21ED5000425CB /* EditWindow.swift */ = {isa = PBXFileReference; fileEncoding = 4; lastKnownFileType = sourcecode.swift; path = EditWindow.swift; sourceTree = "<group>"; };
/* End PBXFileReference section */

/* Begin PBXFrameworksBuildPhase section */
		DB1C270D212FE1CC00D0A9DE /* Frameworks */ = {
			isa = PBXFrameworksBuildPhase;
			buildActionMask = 2147483647;
			files = (
			);
			runOnlyForDeploymentPostprocessing = 0;
		};
/* End PBXFrameworksBuildPhase section */

/* Begin PBXGroup section */
		DB1C2707212FE1CC00D0A9DE = {
			isa = PBXGroup;
			children = (
				DB1C2712212FE1CC00D0A9DE /* diamond game */,
			);
			sourceTree = "<group>";
		};
		DB1C2711212FE1CC00D0A9DE /* Products */ = {
			isa = PBXGroup;
			children = (
				DB1C2710212FE1CC00D0A9DE /* diamond game.app */,
			);
			name = Products;
			path = ..;
			sourceTree = "<group>";
		};
		DB1C2712212FE1CC00D0A9DE /* diamond game */ = {
			isa = PBXGroup;
			children = (
				DB1C2713212FE1CC00D0A9DE /* AppDelegate.swift */,
				6CDE62E721B56E8A00A2DDFC /* Cell.swift */,
				6CDE62EB21B56F2700A2DDFC /* Direction.swift */,
				DB1C2715212FE1CC00D0A9DE /* ViewController.swift */,
				DB1C271C212FE1CD00D0A9DE /* LaunchScreen.storyboard */,
				DB1C2717212FE1CC00D0A9DE /* Main.storyboard */,
				DB1C271A212FE1CD00D0A9DE /* Assets.xcassets */,
				DB1C2711212FE1CC00D0A9DE /* Products */,
				DB6DAFB721B21ED5000425CB /* EditWindow.swift */,
				DB599F6B21B24C8F00A394CA /* Board.swift */,
				DB599F6921B2303A00A394CA /* Mitame.swift */,
				DB599F6721B22DBB00A394CA /* Team.swift */,
				DB1C271F212FE1CD00D0A9DE /* Info.plist */,
			);
			path = "diamond game";
			sourceTree = "<group>";
		};
/* End PBXGroup section */

/* Begin PBXNativeTarget section */
		DB1C270F212FE1CC00D0A9DE /* diamond game */ = {
			isa = PBXNativeTarget;
			buildConfigurationList = DB1C2722212FE1CD00D0A9DE /* Build configuration list for PBXNativeTarget "diamond game" */;
			buildPhases = (
				DB1C270C212FE1CC00D0A9DE /* Sources */,
				DB1C270D212FE1CC00D0A9DE /* Frameworks */,
				DB1C270E212FE1CC00D0A9DE /* Resources */,
			);
			buildRules = (
			);
			dependencies = (
			);
			name = "diamond game";
			productName = "diamond game";
			productReference = DB1C2710212FE1CC00D0A9DE /* diamond game.app */;
			productType = "com.apple.product-type.application";
		};
/* End PBXNativeTarget section */

/* Begin PBXProject section */
		DB1C2708212FE1CC00D0A9DE /* Project object */ = {
			isa = PBXProject;
			attributes = {
				LastSwiftUpdateCheck = 0940;
				LastUpgradeCheck = 0940;
				ORGANIZATIONNAME = "kohei uno";
				TargetAttributes = {
					DB1C270F212FE1CC00D0A9DE = {
						CreatedOnToolsVersion = 9.4;
					};
				};
			};
			buildConfigurationList = DB1C270B212FE1CC00D0A9DE /* Build configuration list for PBXProject "diamond game" */;
			compatibilityVersion = "Xcode 9.3";
			developmentRegion = en;
			hasScannedForEncodings = 0;
			knownRegions = (
				en,
				Base,
			);
			mainGroup = DB1C2707212FE1CC00D0A9DE;
			productRefGroup = DB1C2711212FE1CC00D0A9DE /* Products */;
			projectDirPath = "";
			projectRoot = "";
			targets = (
				DB1C270F212FE1CC00D0A9DE /* diamond game */,
			);
		};
/* End PBXProject section */

/* Begin PBXResourcesBuildPhase section */
		DB1C270E212FE1CC00D0A9DE /* Resources */ = {
			isa = PBXResourcesBuildPhase;
			buildActionMask = 2147483647;
			files = (
				DB1C271E212FE1CD00D0A9DE /* LaunchScreen.storyboard in Resources */,
				DB1C271B212FE1CD00D0A9DE /* Assets.xcassets in Resources */,
				DB1C2719212FE1CC00D0A9DE /* Main.storyboard in Resources */,
			);
			runOnlyForDeploymentPostprocessing = 0;
		};
/* End PBXResourcesBuildPhase section */

/* Begin PBXSourcesBuildPhase section */
		DB1C270C212FE1CC00D0A9DE /* Sources */ = {
			isa = PBXSourcesBuildPhase;
			buildActionMask = 2147483647;
			files = (
				DB1C2716212FE1CC00D0A9DE /* ViewController.swift in Sources */,
				DB6DAFB821B21ED5000425CB /* EditWindow.swift in Sources */,
				6CDE62E821B56E8A00A2DDFC /* Cell.swift in Sources */,
				6CDE62EC21B56F2700A2DDFC /* Direction.swift in Sources */,
				DB599F6821B22DBB00A394CA /* Team.swift in Sources */,
				DB599F6C21B24C8F00A394CA /* Board.swift in Sources */,
				DB599F6A21B2303A00A394CA /* Mitame.swift in Sources */,
				DB1C2714212FE1CC00D0A9DE /* AppDelegate.swift in Sources */,
			);
			runOnlyForDeploymentPostprocessing = 0;
		};
/* End PBXSourcesBuildPhase section */

/* Begin PBXVariantGroup section */
		DB1C2717212FE1CC00D0A9DE /* Main.storyboard */ = {
			isa = PBXVariantGroup;
			children = (
				DB1C2718212FE1CC00D0A9DE /* Base */,
			);
			name = Main.storyboard;
			sourceTree = "<group>";
		};
		DB1C271C212FE1CD00D0A9DE /* LaunchScreen.storyboard */ = {
			isa = PBXVariantGroup;
			children = (
				DB1C271D212FE1CD00D0A9DE /* Base */,
			);
			name = LaunchScreen.storyboard;
			sourceTree = "<group>";
		};
/* End PBXVariantGroup section */

/* Begin XCBuildConfiguration section */
		DB1C2720212FE1CD00D0A9DE /* Debug */ = {
			isa = XCBuildConfiguration;
			buildSettings = {
				ALWAYS_SEARCH_USER_PATHS = NO;
				CLANG_ANALYZER_NONNULL = YES;
				CLANG_ANALYZER_NUMBER_OBJECT_CONVERSION = YES_AGGRESSIVE;
				CLANG_CXX_LANGUAGE_STANDARD = "gnu++14";
				CLANG_CXX_LIBRARY = "libc++";
				CLANG_ENABLE_MODULES = YES;
				CLANG_ENABLE_OBJC_ARC = YES;
				CLANG_ENABLE_OBJC_WEAK = YES;
				CLANG_WARN_BLOCK_CAPTURE_AUTORELEASING = YES;
				CLANG_WARN_BOOL_CONVERSION = YES;
				CLANG_WARN_COMMA = YES;
				CLANG_WARN_CONSTANT_CONVERSION = YES;
				CLANG_WARN_DEPRECATED_OBJC_IMPLEMENTATIONS = YES;
				CLANG_WARN_DIRECT_OBJC_ISA_USAGE = YES_ERROR;
				CLANG_WARN_DOCUMENTATION_COMMENTS = YES;
				CLANG_WARN_EMPTY_BODY = YES;
				CLANG_WARN_ENUM_CONVERSION = YES;
				CLANG_WARN_INFINITE_RECURSION = YES;
				CLANG_WARN_INT_CONVERSION = YES;
				CLANG_WARN_NON_LITERAL_NULL_CONVERSION = YES;
				CLANG_WARN_OBJC_IMPLICIT_RETAIN_SELF = YES;
				CLANG_WARN_OBJC_LITERAL_CONVERSION = YES;
				CLANG_WARN_OBJC_ROOT_CLASS = YES_ERROR;
				CLANG_WARN_RANGE_LOOP_ANALYSIS = YES;
				CLANG_WARN_STRICT_PROTOTYPES = YES;
				CLANG_WARN_SUSPICIOUS_MOVE = YES;
				CLANG_WARN_UNGUARDED_AVAILABILITY = YES_AGGRESSIVE;
				CLANG_WARN_UNREACHABLE_CODE = YES;
				CLANG_WARN__DUPLICATE_METHOD_MATCH = YES;
				CODE_SIGN_IDENTITY = "iPhone Developer";
				COPY_PHASE_STRIP = NO;
				DEBUG_INFORMATION_FORMAT = dwarf;
				ENABLE_STRICT_OBJC_MSGSEND = YES;
				ENABLE_TESTABILITY = YES;
				GCC_C_LANGUAGE_STANDARD = gnu11;
				GCC_DYNAMIC_NO_PIC = NO;
				GCC_NO_COMMON_BLOCKS = YES;
				GCC_OPTIMIZATION_LEVEL = 0;
				GCC_PREPROCESSOR_DEFINITIONS = (
					"DEBUG=1",
					"$(inherited)",
				);
				GCC_WARN_64_TO_32_BIT_CONVERSION = YES;
				GCC_WARN_ABOUT_RETURN_TYPE = YES_ERROR;
				GCC_WARN_UNDECLARED_SELECTOR = YES;
				GCC_WARN_UNINITIALIZED_AUTOS = YES_AGGRESSIVE;
				GCC_WARN_UNUSED_FUNCTION = YES;
				GCC_WARN_UNUSED_VARIABLE = YES;
				IPHONEOS_DEPLOYMENT_TARGET = 11.4;
				MTL_ENABLE_DEBUG_INFO = YES;
				ONLY_ACTIVE_ARCH = YES;
				SDKROOT = iphoneos;
				SWIFT_ACTIVE_COMPILATION_CONDITIONS = DEBUG;
				SWIFT_OPTIMIZATION_LEVEL = "-Onone";
			};
			name = Debug;
		};
		DB1C2721212FE1CD00D0A9DE /* Release */ = {
			isa = XCBuildConfiguration;
			buildSettings = {
				ALWAYS_SEARCH_USER_PATHS = NO;
				CLANG_ANALYZER_NONNULL = YES;
				CLANG_ANALYZER_NUMBER_OBJECT_CONVERSION = YES_AGGRESSIVE;
				CLANG_CXX_LANGUAGE_STANDARD = "gnu++14";
				CLANG_CXX_LIBRARY = "libc++";
				CLANG_ENABLE_MODULES = YES;
				CLANG_ENABLE_OBJC_ARC = YES;
				CLANG_ENABLE_OBJC_WEAK = YES;
				CLANG_WARN_BLOCK_CAPTURE_AUTORELEASING = YES;
				CLANG_WARN_BOOL_CONVERSION = YES;
				CLANG_WARN_COMMA = YES;
				CLANG_WARN_CONSTANT_CONVERSION = YES;
				CLANG_WARN_DEPRECATED_OBJC_IMPLEMENTATIONS = YES;
				CLANG_WARN_DIRECT_OBJC_ISA_USAGE = YES_ERROR;
				CLANG_WARN_DOCUMENTATION_COMMENTS = YES;
				CLANG_WARN_EMPTY_BODY = YES;
				CLANG_WARN_ENUM_CONVERSION = YES;
				CLANG_WARN_INFINITE_RECURSION = YES;
				CLANG_WARN_INT_CONVERSION = YES;
				CLANG_WARN_NON_LITERAL_NULL_CONVERSION = YES;
				CLANG_WARN_OBJC_IMPLICIT_RETAIN_SELF = YES;
				CLANG_WARN_OBJC_LITERAL_CONVERSION = YES;
				CLANG_WARN_OBJC_ROOT_CLASS = YES_ERROR;
				CLANG_WARN_RANGE_LOOP_ANALYSIS = YES;
				CLANG_WARN_STRICT_PROTOTYPES = YES;
				CLANG_WARN_SUSPICIOUS_MOVE = YES;
				CLANG_WARN_UNGUARDED_AVAILABILITY = YES_AGGRESSIVE;
				CLANG_WARN_UNREACHABLE_CODE = YES;
				CLANG_WARN__DUPLICATE_METHOD_MATCH = YES;
				CODE_SIGN_IDENTITY = "iPhone Developer";
				COPY_PHASE_STRIP = NO;
				DEBUG_INFORMATION_FORMAT = "dwarf-with-dsym";
				ENABLE_NS_ASSERTIONS = NO;
				ENABLE_STRICT_OBJC_MSGSEND = YES;
				GCC_C_LANGUAGE_STANDARD = gnu11;
				GCC_NO_COMMON_BLOCKS = YES;
				GCC_WARN_64_TO_32_BIT_CONVERSION = YES;
				GCC_WARN_ABOUT_RETURN_TYPE = YES_ERROR;
				GCC_WARN_UNDECLARED_SELECTOR = YES;
				GCC_WARN_UNINITIALIZED_AUTOS = YES_AGGRESSIVE;
				GCC_WARN_UNUSED_FUNCTION = YES;
				GCC_WARN_UNUSED_VARIABLE = YES;
				IPHONEOS_DEPLOYMENT_TARGET = 11.4;
				MTL_ENABLE_DEBUG_INFO = NO;
				SDKROOT = iphoneos;
				SWIFT_COMPILATION_MODE = wholemodule;
				SWIFT_OPTIMIZATION_LEVEL = "-O";
				VALIDATE_PRODUCT = YES;
			};
			name = Release;
		};
		DB1C2723212FE1CD00D0A9DE /* Debug */ = {
			isa = XCBuildConfiguration;
			buildSettings = {
				ASSETCATALOG_COMPILER_APPICON_NAME = AppIcon;
				CODE_SIGN_STYLE = Automatic;
				INFOPLIST_FILE = "diamond game/Info.plist";
				LD_RUNPATH_SEARCH_PATHS = (
					"$(inherited)",
					"@executable_path/Frameworks",
				);
				PRODUCT_BUNDLE_IDENTIFIER = "com.kohei-uno.diamond-game";
				PRODUCT_NAME = "$(TARGET_NAME)";
				SWIFT_VERSION = 4.0;
				TARGETED_DEVICE_FAMILY = "1,2";
			};
			name = Debug;
		};
		DB1C2724212FE1CD00D0A9DE /* Release */ = {
			isa = XCBuildConfiguration;
			buildSettings = {
				ASSETCATALOG_COMPILER_APPICON_NAME = AppIcon;
				CODE_SIGN_STYLE = Automatic;
				INFOPLIST_FILE = "diamond game/Info.plist";
				LD_RUNPATH_SEARCH_PATHS = (
					"$(inherited)",
					"@executable_path/Frameworks",
				);
				PRODUCT_BUNDLE_IDENTIFIER = "com.kohei-uno.diamond-game";
				PRODUCT_NAME = "$(TARGET_NAME)";
				SWIFT_VERSION = 4.0;
				TARGETED_DEVICE_FAMILY = "1,2";
			};
			name = Release;
		};
/* End XCBuildConfiguration section */

/* Begin XCConfigurationList section */
		DB1C270B212FE1CC00D0A9DE /* Build configuration list for PBXProject "diamond game" */ = {
			isa = XCConfigurationList;
			buildConfigurations = (
				DB1C2720212FE1CD00D0A9DE /* Debug */,
				DB1C2721212FE1CD00D0A9DE /* Release */,
			);
			defaultConfigurationIsVisible = 0;
			defaultConfigurationName = Release;
		};
		DB1C2722212FE1CD00D0A9DE /* Build configuration list for PBXNativeTarget "diamond game" */ = {
			isa = XCConfigurationList;
			buildConfigurations = (
				DB1C2723212FE1CD00D0A9DE /* Debug */,
				DB1C2724212FE1CD00D0A9DE /* Release */,
			);
			defaultConfigurationIsVisible = 0;
			defaultConfigurationName = Release;
		};
/* End XCConfigurationList section */
	};
	rootObject = DB1C2708212FE1CC00D0A9DE /* Project object */;
}
